
Microsoft Visual Studio Solution File, Format Version 12.00
# Visual Studio Version 16
VisualStudioVersion = 16.0.30128.74
MinimumVisualStudioVersion = 10.0.40219.1
Project("{FAE04EC0-301F-11D3-BF4B-00C04F79EFBC}") = "SpotifyCoverFinder", "SpotifyCoverFinder\SpotifyCoverFinder.csproj", "{60436352-1ECE-470B-8AC0-64B33EB10CB6}"
EndProject
Global
	GlobalSection(SolutionConfigurationPlatforms) = preSolution
		Debug|Any CPU = Debug|Any CPU
		Release|Any CPU = Release|Any CPU
	EndGlobalSection
	GlobalSection(ProjectConfigurationPlatforms) = postSolution
		{60436352-1ECE-470B-8AC0-64B33EB10CB6}.Debug|Any CPU.ActiveCfg = Debug|Any CPU
		{60436352-1ECE-470B-8AC0-64B33EB10CB6}.Debug|Any CPU.Build.0 = Debug|Any CPU
		{60436352-1ECE-470B-8AC0-64B33EB10CB6}.Release|Any CPU.ActiveCfg = Release|Any CPU
		{60436352-1ECE-470B-8AC0-64B33EB10CB6}.Release|Any CPU.Build.0 = Release|Any CPU
	EndGlobalSection
	GlobalSection(SolutionProperties) = preSolution
		HideSolutionNode = FALSE
	EndGlobalSection
	GlobalSection(ExtensibilityGlobals) = postSolution
		SolutionGuid = {28F82378-BA36-45A3-A478-FC53778CBD67}
	EndGlobalSection
EndGlobal
